
Microsoft Visual Studio Solution File, Format Version 12.00
# Visual Studio 2012
Project("{FAE04EC0-301F-11D3-BF4B-00C04F79EFBC}") = "Undertone.Web", "Undertone.Web\Undertone.Web.csproj", "{3BDECFDE-BE1D-4918-8D00-949205466EC5}"
EndProject
Project("{F2A71F9B-5D33-465A-A702-920D77279786}") = "Undertone.Silverlight_vs2012", "Undertone\Undertone.Silverlight_vs2012.fsproj", "{D68F2D1D-BE9B-41FA-8443-80209DBF058F}"
EndProject
Project("{F2A71F9B-5D33-465A-A702-920D77279786}") = "Undertone.ConsoleApp_vs2012", "Undertone.ConsoleApp\Undertone.ConsoleApp_vs2012.fsproj", "{EF7DEC4F-F138-4850-9F05-A518A7BA2350}"
EndProject
Project("{F2A71F9B-5D33-465A-A702-920D77279786}") = "Undertone_vs2012", "Undertone\Undertone_vs2012.fsproj", "{7D94B452-C216-4201-A911-9CEEB1BAB8D8}"
EndProject
Global
	GlobalSection(SolutionConfigurationPlatforms) = preSolution
		Debug|Any CPU = Debug|Any CPU
		Release|Any CPU = Release|Any CPU
	EndGlobalSection
	GlobalSection(ProjectConfigurationPlatforms) = postSolution
		{3BDECFDE-BE1D-4918-8D00-949205466EC5}.Debug|Any CPU.ActiveCfg = Debug|Any CPU
		{3BDECFDE-BE1D-4918-8D00-949205466EC5}.Debug|Any CPU.Build.0 = Debug|Any CPU
		{3BDECFDE-BE1D-4918-8D00-949205466EC5}.Release|Any CPU.ActiveCfg = Release|Any CPU
		{3BDECFDE-BE1D-4918-8D00-949205466EC5}.Release|Any CPU.Build.0 = Release|Any CPU
		{D68F2D1D-BE9B-41FA-8443-80209DBF058F}.Debug|Any CPU.ActiveCfg = Debug|Any CPU
		{D68F2D1D-BE9B-41FA-8443-80209DBF058F}.Debug|Any CPU.Build.0 = Debug|Any CPU
		{D68F2D1D-BE9B-41FA-8443-80209DBF058F}.Release|Any CPU.ActiveCfg = Release|Any CPU
		{D68F2D1D-BE9B-41FA-8443-80209DBF058F}.Release|Any CPU.Build.0 = Release|Any CPU
		{EF7DEC4F-F138-4850-9F05-A518A7BA2350}.Debug|Any CPU.ActiveCfg = Debug|Any CPU
		{EF7DEC4F-F138-4850-9F05-A518A7BA2350}.Debug|Any CPU.Build.0 = Debug|Any CPU
		{EF7DEC4F-F138-4850-9F05-A518A7BA2350}.Release|Any CPU.ActiveCfg = Release|Any CPU
		{EF7DEC4F-F138-4850-9F05-A518A7BA2350}.Release|Any CPU.Build.0 = Release|Any CPU
		{7D94B452-C216-4201-A911-9CEEB1BAB8D8}.Debug|Any CPU.ActiveCfg = Debug|Any CPU
		{7D94B452-C216-4201-A911-9CEEB1BAB8D8}.Debug|Any CPU.Build.0 = Debug|Any CPU
		{7D94B452-C216-4201-A911-9CEEB1BAB8D8}.Release|Any CPU.ActiveCfg = Release|Any CPU
		{7D94B452-C216-4201-A911-9CEEB1BAB8D8}.Release|Any CPU.Build.0 = Release|Any CPU
	EndGlobalSection
	GlobalSection(SolutionProperties) = preSolution
		HideSolutionNode = FALSE
	EndGlobalSection
EndGlobal
